
Microsoft Visual Studio Solution File, Format Version 12.00
# Visual Studio Version 17
VisualStudioVersion = 17.13.35931.197
MinimumVisualStudioVersion = 10.0.40219.1
Project("{FAE04EC0-301F-11D3-BF4B-00C04F79EFBC}") = "ReservasiAPI", "ReservasiAPI\ReservasiAPI.csproj", "{FAB4826F-2DEA-44B1-BA99-1A3528E38428}"
EndProject
Global
	GlobalSection(SolutionConfigurationPlatforms) = preSolution
		Debug|Any CPU = Debug|Any CPU
		Release|Any CPU = Release|Any CPU
	EndGlobalSection
	GlobalSection(ProjectConfigurationPlatforms) = postSolution
		{FAB4826F-2DEA-44B1-BA99-1A3528E38428}.Debug|Any CPU.ActiveCfg = Debug|Any CPU
		{FAB4826F-2DEA-44B1-BA99-1A3528E38428}.Debug|Any CPU.Build.0 = Debug|Any CPU
		{FAB4826F-2DEA-44B1-BA99-1A3528E38428}.Release|Any CPU.ActiveCfg = Release|Any CPU
		{FAB4826F-2DEA-44B1-BA99-1A3528E38428}.Release|Any CPU.Build.0 = Release|Any CPU
	EndGlobalSection
	GlobalSection(SolutionProperties) = preSolution
		HideSolutionNode = FALSE
	EndGlobalSection
	GlobalSection(ExtensibilityGlobals) = postSolution
		SolutionGuid = {260A001F-5E4A-47F4-BD3B-A07BD23E8D71}
	EndGlobalSection
EndGlobal
